
Microsoft Visual Studio Solution File, Format Version 12.00
# Visual Studio Version 16
VisualStudioVersion = 16.0.31613.86
MinimumVisualStudioVersion = 10.0.40219.1
Project("{8BC9CEB8-8B4A-11D0-8D11-00A0C91BC942}") = "CustomString", "CustomString\CustomString.vcxproj", "{F06A7632-89BA-498B-B4BD-3CABCB8AC8F5}"
EndProject
Global
	GlobalSection(SolutionConfigurationPlatforms) = preSolution
		Debug|x64 = Debug|x64
		Debug|x86 = Debug|x86
		Release|x64 = Release|x64
		Release|x86 = Release|x86
	EndGlobalSection
	GlobalSection(ProjectConfigurationPlatforms) = postSolution
		{F06A7632-89BA-498B-B4BD-3CABCB8AC8F5}.Debug|x64.ActiveCfg = Debug|x64
		{F06A7632-89BA-498B-B4BD-3CABCB8AC8F5}.Debug|x64.Build.0 = Debug|x64
		{F06A7632-89BA-498B-B4BD-3CABCB8AC8F5}.Debug|x86.ActiveCfg = Debug|Win32
		{F06A7632-89BA-498B-B4BD-3CABCB8AC8F5}.Debug|x86.Build.0 = Debug|Win32
		{F06A7632-89BA-498B-B4BD-3CABCB8AC8F5}.Release|x64.ActiveCfg = Release|x64
		{F06A7632-89BA-498B-B4BD-3CABCB8AC8F5}.Release|x64.Build.0 = Release|x64
		{F06A7632-89BA-498B-B4BD-3CABCB8AC8F5}.Release|x86.ActiveCfg = Release|Win32
		{F06A7632-89BA-498B-B4BD-3CABCB8AC8F5}.Release|x86.Build.0 = Release|Win32
	EndGlobalSection
	GlobalSection(SolutionProperties) = preSolution
		HideSolutionNode = FALSE
	EndGlobalSection
	GlobalSection(ExtensibilityGlobals) = postSolution
		SolutionGuid = {14EEA99D-F5DD-4C0A-9132-F5EA52C10EE6}
	EndGlobalSection
EndGlobal
